github.com/crhntr/please v0.0.0-20211221202609-aa7413949fc9 h1:B53gJd/uQ4zvF6we6i45nqLj84vfxFOcUVP4jN7S8wA=
github.com/crhntr/please v0.0.0-20211221202609-aa7413949fc9/go.mod h1:1x5Or2YIEjrE1G0sgMlUEfDxwM012vpHDMtCISj0oRM=
golang.org/x/net v0.0.0-20211216030914-fe4d6282115f h1:hEYJvxw1lSnWIl8X9ofsYMklzaDs90JI2az5YMd4fPM=
golang.org/x/net v0.0.0-20211216030914-fe4d6282115f/go.mod h1:9nx3DQGgdP8bBQD5qxJ1jj9UTztislL4KSBs9R2vV5Y=
